
Microsoft Visual Studio Solution File, Format Version 12.00
# Visual Studio Version 17
VisualStudioVersion = 17.0.31912.275
MinimumVisualStudioVersion = 10.0.40219.1
Project("{9A19103F-16F7-4668-BE54-9A1E7A4F7556}") = "ProyectoIdentity", "ProyectoIdentity\ProyectoIdentity.csproj", "{9E6E48DA-7493-46C5-BA95-8E39F24ECD33}"
EndProject
Project("{2150E333-8FDC-42A3-9474-1A3956D46DE8}") = "Solution Items", "Solution Items", "{C0660912-DEB1-453D-BE17-8885A5B980B2}"
	ProjectSection(SolutionItems) = preProject
		.editorconfig = .editorconfig
	EndProjectSection
EndProject
Global
	GlobalSection(SolutionConfigurationPlatforms) = preSolution
		Debug|Any CPU = Debug|Any CPU
		Release|Any CPU = Release|Any CPU
	EndGlobalSection
	GlobalSection(ProjectConfigurationPlatforms) = postSolution
		{9E6E48DA-7493-46C5-BA95-8E39F24ECD33}.Debug|Any CPU.ActiveCfg = Debug|Any CPU
		{9E6E48DA-7493-46C5-BA95-8E39F24ECD33}.Debug|Any CPU.Build.0 = Debug|Any CPU
		{9E6E48DA-7493-46C5-BA95-8E39F24ECD33}.Release|Any CPU.ActiveCfg = Release|Any CPU
		{9E6E48DA-7493-46C5-BA95-8E39F24ECD33}.Release|Any CPU.Build.0 = Release|Any CPU
	EndGlobalSection
	GlobalSection(SolutionProperties) = preSolution
		HideSolutionNode = FALSE
	EndGlobalSection
	GlobalSection(ExtensibilityGlobals) = postSolution
		SolutionGuid = {3062B23F-D5BB-444E-BED0-99EF829F2FB1}
	EndGlobalSection
EndGlobal
